
Microsoft Visual Studio Solution File, Format Version 12.00
# Visual Studio Version 17
VisualStudioVersion = 17.4.33213.308
MinimumVisualStudioVersion = 10.0.40219.1
Project("{FAE04EC0-301F-11D3-BF4B-00C04F79EFBC}") = "ERP_backend", "ERP_backend\ERP_backend.csproj", "{AA79FB1C-C458-487A-A426-B2396ECCBBC9}"
EndProject
Global
	GlobalSection(SolutionConfigurationPlatforms) = preSolution
		Debug|Any CPU = Debug|Any CPU
		Release|Any CPU = Release|Any CPU
	EndGlobalSection
	GlobalSection(ProjectConfigurationPlatforms) = postSolution
		{AA79FB1C-C458-487A-A426-B2396ECCBBC9}.Debug|Any CPU.ActiveCfg = Debug|Any CPU
		{AA79FB1C-C458-487A-A426-B2396ECCBBC9}.Debug|Any CPU.Build.0 = Debug|Any CPU
		{AA79FB1C-C458-487A-A426-B2396ECCBBC9}.Release|Any CPU.ActiveCfg = Release|Any CPU
		{AA79FB1C-C458-487A-A426-B2396ECCBBC9}.Release|Any CPU.Build.0 = Release|Any CPU
	EndGlobalSection
	GlobalSection(SolutionProperties) = preSolution
		HideSolutionNode = FALSE
	EndGlobalSection
	GlobalSection(ExtensibilityGlobals) = postSolution
		SolutionGuid = {870B9021-D912-45D9-8D3A-F130828262B6}
	EndGlobalSection
EndGlobal
